
Microsoft Visual Studio Solution File, Format Version 12.00
# Visual Studio 15
VisualStudioVersion = 15.0.27130.2010
MinimumVisualStudioVersion = 10.0.40219.1
Project("{FAE04EC0-301F-11D3-BF4B-00C04F79EFBC}") = "Broker", "Broker\Broker.csproj", "{5CC6DD01-1744-47CA-AA74-23650EEBB242}"
EndProject
Project("{FAE04EC0-301F-11D3-BF4B-00C04F79EFBC}") = "User", "User\User.csproj", "{126EFA7E-E6AC-4CED-8BD7-86AD741E0DDA}"
EndProject
Project("{FAE04EC0-301F-11D3-BF4B-00C04F79EFBC}") = "SystemTester", "SystemTester\SystemTester.csproj", "{3D376111-198B-4400-966A-3FD1E8B1F809}"
EndProject
Project("{FAE04EC0-301F-11D3-BF4B-00C04F79EFBC}") = "GeigerCounterSystem", "GeigerCounterSystem\GeigerCounterSystem.csproj", "{A66936B8-6CD6-467D-A75D-D4BF7C6533E3}"
EndProject
Project("{FAE04EC0-301F-11D3-BF4B-00C04F79EFBC}") = "Base", "Base\Base.csproj", "{278269D5-1AE1-4966-961D-5A242B8E449B}"
EndProject
Project("{FAE04EC0-301F-11D3-BF4B-00C04F79EFBC}") = "MessageCommunication", "MessageCommunication\MessageCommunication.csproj", "{32F0D577-655A-432D-B4DB-89DDC0066443}"
EndProject
Project("{FAE04EC0-301F-11D3-BF4B-00C04F79EFBC}") = "Starter", "Starter\Starter.csproj", "{C570BF37-0774-474D-B2B4-354CE7B813AD}"
EndProject
Global
	GlobalSection(SolutionConfigurationPlatforms) = preSolution
		Debug|Any CPU = Debug|Any CPU
		Release|Any CPU = Release|Any CPU
	EndGlobalSection
	GlobalSection(ProjectConfigurationPlatforms) = postSolution
		{5CC6DD01-1744-47CA-AA74-23650EEBB242}.Debug|Any CPU.ActiveCfg = Debug|Any CPU
		{5CC6DD01-1744-47CA-AA74-23650EEBB242}.Debug|Any CPU.Build.0 = Debug|Any CPU
		{5CC6DD01-1744-47CA-AA74-23650EEBB242}.Release|Any CPU.ActiveCfg = Release|Any CPU
		{5CC6DD01-1744-47CA-AA74-23650EEBB242}.Release|Any CPU.Build.0 = Release|Any CPU
		{126EFA7E-E6AC-4CED-8BD7-86AD741E0DDA}.Debug|Any CPU.ActiveCfg = Debug|Any CPU
		{126EFA7E-E6AC-4CED-8BD7-86AD741E0DDA}.Debug|Any CPU.Build.0 = Debug|Any CPU
		{126EFA7E-E6AC-4CED-8BD7-86AD741E0DDA}.Release|Any CPU.ActiveCfg = Release|Any CPU
		{126EFA7E-E6AC-4CED-8BD7-86AD741E0DDA}.Release|Any CPU.Build.0 = Release|Any CPU
		{3D376111-198B-4400-966A-3FD1E8B1F809}.Debug|Any CPU.ActiveCfg = Debug|Any CPU
		{3D376111-198B-4400-966A-3FD1E8B1F809}.Debug|Any CPU.Build.0 = Debug|Any CPU
		{3D376111-198B-4400-966A-3FD1E8B1F809}.Release|Any CPU.ActiveCfg = Release|Any CPU
		{3D376111-198B-4400-966A-3FD1E8B1F809}.Release|Any CPU.Build.0 = Release|Any CPU
		{A66936B8-6CD6-467D-A75D-D4BF7C6533E3}.Debug|Any CPU.ActiveCfg = Debug|Any CPU
		{A66936B8-6CD6-467D-A75D-D4BF7C6533E3}.Debug|Any CPU.Build.0 = Debug|Any CPU
		{A66936B8-6CD6-467D-A75D-D4BF7C6533E3}.Release|Any CPU.ActiveCfg = Release|Any CPU
		{A66936B8-6CD6-467D-A75D-D4BF7C6533E3}.Release|Any CPU.Build.0 = Release|Any CPU
		{278269D5-1AE1-4966-961D-5A242B8E449B}.Debug|Any CPU.ActiveCfg = Debug|Any CPU
		{278269D5-1AE1-4966-961D-5A242B8E449B}.Debug|Any CPU.Build.0 = Debug|Any CPU
		{278269D5-1AE1-4966-961D-5A242B8E449B}.Release|Any CPU.ActiveCfg = Release|Any CPU
		{278269D5-1AE1-4966-961D-5A242B8E449B}.Release|Any CPU.Build.0 = Release|Any CPU
		{32F0D577-655A-432D-B4DB-89DDC0066443}.Debug|Any CPU.ActiveCfg = Debug|Any CPU
		{32F0D577-655A-432D-B4DB-89DDC0066443}.Debug|Any CPU.Build.0 = Debug|Any CPU
		{32F0D577-655A-432D-B4DB-89DDC0066443}.Release|Any CPU.ActiveCfg = Release|Any CPU
		{32F0D577-655A-432D-B4DB-89DDC0066443}.Release|Any CPU.Build.0 = Release|Any CPU
		{C570BF37-0774-474D-B2B4-354CE7B813AD}.Debug|Any CPU.ActiveCfg = Debug|Any CPU
		{C570BF37-0774-474D-B2B4-354CE7B813AD}.Debug|Any CPU.Build.0 = Debug|Any CPU
		{C570BF37-0774-474D-B2B4-354CE7B813AD}.Release|Any CPU.ActiveCfg = Release|Any CPU
		{C570BF37-0774-474D-B2B4-354CE7B813AD}.Release|Any CPU.Build.0 = Release|Any CPU
	EndGlobalSection
	GlobalSection(SolutionProperties) = preSolution
		HideSolutionNode = FALSE
	EndGlobalSection
	GlobalSection(ExtensibilityGlobals) = postSolution
		SolutionGuid = {5F05435F-A3DE-4D4F-A9E4-BF61BF04B4A5}
	EndGlobalSection
EndGlobal
